
Microsoft Visual Studio Solution File, Format Version 12.00
Project("{FAE04EC0-301F-11D3-BF4B-00C04F79EFBC}") = "IdentityService.API", "IdentityService.API.csproj", "{AB536105-7C2B-4655-B774-90F7FE721F60}"
EndProject
Project("{FAE04EC0-301F-11D3-BF4B-00C04F79EFBC}") = "JobLess.Identity.Infrastructure", "..\JobLess.Identity.Infrastructure\JobLess.Identity.Infrastructure.csproj", "{CAD7D693-ED28-40F8-AA84-BF90B49C6634}"
EndProject
Project("{FAE04EC0-301F-11D3-BF4B-00C04F79EFBC}") = "JobLess.Identity.Domain", "..\JobLess.Identity.Domain\JobLess.Identity.Domain.csproj", "{E4AF7A09-F3A5-472D-A63F-2AAD57EC56C7}"
EndProject
Project("{FAE04EC0-301F-11D3-BF4B-00C04F79EFBC}") = "JobLess.Identity.Application", "..\JobLess.Identity.Application\JobLess.Identity.Application.csproj", "{64015BF6-2CE9-4F10-9A35-D56B03C68BC0}"
EndProject
Global
	GlobalSection(SolutionConfigurationPlatforms) = preSolution
		Debug|Any CPU = Debug|Any CPU
		Release|Any CPU = Release|Any CPU
	EndGlobalSection
	GlobalSection(ProjectConfigurationPlatforms) = postSolution
		{AB536105-7C2B-4655-B774-90F7FE721F60}.Debug|Any CPU.ActiveCfg = Debug|Any CPU
		{AB536105-7C2B-4655-B774-90F7FE721F60}.Debug|Any CPU.Build.0 = Debug|Any CPU
		{AB536105-7C2B-4655-B774-90F7FE721F60}.Release|Any CPU.ActiveCfg = Release|Any CPU
		{AB536105-7C2B-4655-B774-90F7FE721F60}.Release|Any CPU.Build.0 = Release|Any CPU
		{CAD7D693-ED28-40F8-AA84-BF90B49C6634}.Debug|Any CPU.ActiveCfg = Debug|Any CPU
		{CAD7D693-ED28-40F8-AA84-BF90B49C6634}.Debug|Any CPU.Build.0 = Debug|Any CPU
		{CAD7D693-ED28-40F8-AA84-BF90B49C6634}.Release|Any CPU.ActiveCfg = Release|Any CPU
		{CAD7D693-ED28-40F8-AA84-BF90B49C6634}.Release|Any CPU.Build.0 = Release|Any CPU
		{E4AF7A09-F3A5-472D-A63F-2AAD57EC56C7}.Debug|Any CPU.ActiveCfg = Debug|Any CPU
		{E4AF7A09-F3A5-472D-A63F-2AAD57EC56C7}.Debug|Any CPU.Build.0 = Debug|Any CPU
		{E4AF7A09-F3A5-472D-A63F-2AAD57EC56C7}.Release|Any CPU.ActiveCfg = Release|Any CPU
		{E4AF7A09-F3A5-472D-A63F-2AAD57EC56C7}.Release|Any CPU.Build.0 = Release|Any CPU
		{64015BF6-2CE9-4F10-9A35-D56B03C68BC0}.Debug|Any CPU.ActiveCfg = Debug|Any CPU
		{64015BF6-2CE9-4F10-9A35-D56B03C68BC0}.Debug|Any CPU.Build.0 = Debug|Any CPU
		{64015BF6-2CE9-4F10-9A35-D56B03C68BC0}.Release|Any CPU.ActiveCfg = Release|Any CPU
		{64015BF6-2CE9-4F10-9A35-D56B03C68BC0}.Release|Any CPU.Build.0 = Release|Any CPU
	EndGlobalSection
EndGlobal
